
Microsoft Visual Studio Solution File, Format Version 12.00
# Visual Studio 15
VisualStudioVersion = 15.0.26730.12
MinimumVisualStudioVersion = 10.0.40219.1
Project("{FAE04EC0-301F-11D3-BF4B-00C04F79EFBC}") = "TrafficLight.DashboardApp", "TrafficLight.DashboardApp\TrafficLight.DashboardApp.csproj", "{4027442B-3414-4FE4-9171-39A54C052E36}"
EndProject
Project("{2150E333-8FDC-42A3-9474-1A3956D46DE8}") = ".libs", ".libs", "{B3EFA23D-9504-4519-9E4A-8AF2C1FBB55F}"
EndProject
Project("{FAE04EC0-301F-11D3-BF4B-00C04F79EFBC}") = "Microsoft.Iot.Web", "..\Libraries\Web\Microsoft.Iot.Web\Microsoft.Iot.Web.csproj", "{0249A320-16A8-4995-8B7E-0FB78756F3CC}"
EndProject
Project("{FAE04EC0-301F-11D3-BF4B-00C04F79EFBC}") = "Microsoft.Iot.Web.Api", "..\Libraries\Web\Microsoft.Iot.Web.Api\Microsoft.Iot.Web.Api.csproj", "{23485136-5108-4FB0-A815-645CC9C6EAAA}"
EndProject
Project("{2150E333-8FDC-42A3-9474-1A3956D46DE8}") = "core", "core", "{B47C4F87-F995-4132-8FE6-D5FEB013CD05}"
EndProject
Project("{FAE04EC0-301F-11D3-BF4B-00C04F79EFBC}") = "Griffin.Core", "..\Libraries\Web\Griffin.Framework.NetCore\src\Griffin.Framework\Griffin.Core\Griffin.Core.csproj", "{7DD315C1-2C05-4811-BD87-C43D8082CFAC}"
EndProject
Project("{FAE04EC0-301F-11D3-BF4B-00C04F79EFBC}") = "System.Net.Http.Formatting", "..\Libraries\Web\System.Net.Http.Formatting\System.Net.Http.Formatting.csproj", "{0380B076-D673-47CA-B3D5-BFDD2D43FEDD}"
EndProject
Project("{9092AA53-FB77-4645-B42D-1CCCA6BD08BD}") = "TrafficLight.Api", "TrafficLight.Api\TrafficLight.Api.njsproj", "{D79ABA74-7410-4F41-B1C5-58E1CCFC1D13}"
EndProject
Global
	GlobalSection(SolutionConfigurationPlatforms) = preSolution
		Debug|Any CPU = Debug|Any CPU
		Debug|ARM = Debug|ARM
		Debug|x64 = Debug|x64
		Debug|x86 = Debug|x86
		Release|Any CPU = Release|Any CPU
		Release|ARM = Release|ARM
		Release|x64 = Release|x64
		Release|x86 = Release|x86
	EndGlobalSection
	GlobalSection(ProjectConfigurationPlatforms) = postSolution
		{4027442B-3414-4FE4-9171-39A54C052E36}.Debug|Any CPU.ActiveCfg = Debug|x64
		{4027442B-3414-4FE4-9171-39A54C052E36}.Debug|Any CPU.Build.0 = Debug|x64
		{4027442B-3414-4FE4-9171-39A54C052E36}.Debug|Any CPU.Deploy.0 = Debug|x64
		{4027442B-3414-4FE4-9171-39A54C052E36}.Debug|ARM.ActiveCfg = Debug|ARM
		{4027442B-3414-4FE4-9171-39A54C052E36}.Debug|ARM.Build.0 = Debug|ARM
		{4027442B-3414-4FE4-9171-39A54C052E36}.Debug|ARM.Deploy.0 = Debug|ARM
		{4027442B-3414-4FE4-9171-39A54C052E36}.Debug|x64.ActiveCfg = Debug|x64
		{4027442B-3414-4FE4-9171-39A54C052E36}.Debug|x64.Build.0 = Debug|x64
		{4027442B-3414-4FE4-9171-39A54C052E36}.Debug|x64.Deploy.0 = Debug|x64
		{4027442B-3414-4FE4-9171-39A54C052E36}.Debug|x86.ActiveCfg = Debug|x86
		{4027442B-3414-4FE4-9171-39A54C052E36}.Debug|x86.Build.0 = Debug|x86
		{4027442B-3414-4FE4-9171-39A54C052E36}.Debug|x86.Deploy.0 = Debug|x86
		{4027442B-3414-4FE4-9171-39A54C052E36}.Release|Any CPU.ActiveCfg = Release|x86
		{4027442B-3414-4FE4-9171-39A54C052E36}.Release|ARM.ActiveCfg = Release|ARM
		{4027442B-3414-4FE4-9171-39A54C052E36}.Release|ARM.Build.0 = Release|ARM
		{4027442B-3414-4FE4-9171-39A54C052E36}.Release|ARM.Deploy.0 = Release|ARM
		{4027442B-3414-4FE4-9171-39A54C052E36}.Release|x64.ActiveCfg = Release|x64
		{4027442B-3414-4FE4-9171-39A54C052E36}.Release|x64.Build.0 = Release|x64
		{4027442B-3414-4FE4-9171-39A54C052E36}.Release|x64.Deploy.0 = Release|x64
		{4027442B-3414-4FE4-9171-39A54C052E36}.Release|x86.ActiveCfg = Release|x86
		{4027442B-3414-4FE4-9171-39A54C052E36}.Release|x86.Build.0 = Release|x86
		{4027442B-3414-4FE4-9171-39A54C052E36}.Release|x86.Deploy.0 = Release|x86
		{0249A320-16A8-4995-8B7E-0FB78756F3CC}.Debug|Any CPU.ActiveCfg = Debug|Any CPU
		{0249A320-16A8-4995-8B7E-0FB78756F3CC}.Debug|Any CPU.Build.0 = Debug|Any CPU
		{0249A320-16A8-4995-8B7E-0FB78756F3CC}.Debug|ARM.ActiveCfg = Debug|ARM
		{0249A320-16A8-4995-8B7E-0FB78756F3CC}.Debug|ARM.Build.0 = Debug|ARM
		{0249A320-16A8-4995-8B7E-0FB78756F3CC}.Debug|x64.ActiveCfg = Debug|x64
		{0249A320-16A8-4995-8B7E-0FB78756F3CC}.Debug|x64.Build.0 = Debug|x64
		{0249A320-16A8-4995-8B7E-0FB78756F3CC}.Debug|x86.ActiveCfg = Debug|x86
		{0249A320-16A8-4995-8B7E-0FB78756F3CC}.Debug|x86.Build.0 = Debug|x86
		{0249A320-16A8-4995-8B7E-0FB78756F3CC}.Release|Any CPU.ActiveCfg = Release|Any CPU
		{0249A320-16A8-4995-8B7E-0FB78756F3CC}.Release|Any CPU.Build.0 = Release|Any CPU
		{0249A320-16A8-4995-8B7E-0FB78756F3CC}.Release|ARM.ActiveCfg = Release|ARM
		{0249A320-16A8-4995-8B7E-0FB78756F3CC}.Release|ARM.Build.0 = Release|ARM
		{0249A320-16A8-4995-8B7E-0FB78756F3CC}.Release|x64.ActiveCfg = Release|x64
		{0249A320-16A8-4995-8B7E-0FB78756F3CC}.Release|x64.Build.0 = Release|x64
		{0249A320-16A8-4995-8B7E-0FB78756F3CC}.Release|x86.ActiveCfg = Release|x86
		{0249A320-16A8-4995-8B7E-0FB78756F3CC}.Release|x86.Build.0 = Release|x86
		{23485136-5108-4FB0-A815-645CC9C6EAAA}.Debug|Any CPU.ActiveCfg = Debug|Any CPU
		{23485136-5108-4FB0-A815-645CC9C6EAAA}.Debug|Any CPU.Build.0 = Debug|Any CPU
		{23485136-5108-4FB0-A815-645CC9C6EAAA}.Debug|ARM.ActiveCfg = Debug|ARM
		{23485136-5108-4FB0-A815-645CC9C6EAAA}.Debug|ARM.Build.0 = Debug|ARM
		{23485136-5108-4FB0-A815-645CC9C6EAAA}.Debug|x64.ActiveCfg = Debug|x64
		{23485136-5108-4FB0-A815-645CC9C6EAAA}.Debug|x64.Build.0 = Debug|x64
		{23485136-5108-4FB0-A815-645CC9C6EAAA}.Debug|x86.ActiveCfg = Debug|x86
		{23485136-5108-4FB0-A815-645CC9C6EAAA}.Debug|x86.Build.0 = Debug|x86
		{23485136-5108-4FB0-A815-645CC9C6EAAA}.Release|Any CPU.ActiveCfg = Release|Any CPU
		{23485136-5108-4FB0-A815-645CC9C6EAAA}.Release|Any CPU.Build.0 = Release|Any CPU
		{23485136-5108-4FB0-A815-645CC9C6EAAA}.Release|ARM.ActiveCfg = Release|ARM
		{23485136-5108-4FB0-A815-645CC9C6EAAA}.Release|ARM.Build.0 = Release|ARM
		{23485136-5108-4FB0-A815-645CC9C6EAAA}.Release|x64.ActiveCfg = Release|x64
		{23485136-5108-4FB0-A815-645CC9C6EAAA}.Release|x64.Build.0 = Release|x64
		{23485136-5108-4FB0-A815-645CC9C6EAAA}.Release|x86.ActiveCfg = Release|x86
		{23485136-5108-4FB0-A815-645CC9C6EAAA}.Release|x86.Build.0 = Release|x86
		{7DD315C1-2C05-4811-BD87-C43D8082CFAC}.Debug|Any CPU.ActiveCfg = Debug|Any CPU
		{7DD315C1-2C05-4811-BD87-C43D8082CFAC}.Debug|Any CPU.Build.0 = Debug|Any CPU
		{7DD315C1-2C05-4811-BD87-C43D8082CFAC}.Debug|ARM.ActiveCfg = Debug|ARM
		{7DD315C1-2C05-4811-BD87-C43D8082CFAC}.Debug|ARM.Build.0 = Debug|ARM
		{7DD315C1-2C05-4811-BD87-C43D8082CFAC}.Debug|x64.ActiveCfg = Debug|x64
		{7DD315C1-2C05-4811-BD87-C43D8082CFAC}.Debug|x64.Build.0 = Debug|x64
		{7DD315C1-2C05-4811-BD87-C43D8082CFAC}.Debug|x86.ActiveCfg = Debug|x86
		{7DD315C1-2C05-4811-BD87-C43D8082CFAC}.Debug|x86.Build.0 = Debug|x86
		{7DD315C1-2C05-4811-BD87-C43D8082CFAC}.Release|Any CPU.ActiveCfg = Release|Any CPU
		{7DD315C1-2C05-4811-BD87-C43D8082CFAC}.Release|Any CPU.Build.0 = Release|Any CPU
		{7DD315C1-2C05-4811-BD87-C43D8082CFAC}.Release|ARM.ActiveCfg = Release|ARM
		{7DD315C1-2C05-4811-BD87-C43D8082CFAC}.Release|ARM.Build.0 = Release|ARM
		{7DD315C1-2C05-4811-BD87-C43D8082CFAC}.Release|x64.ActiveCfg = Release|x64
		{7DD315C1-2C05-4811-BD87-C43D8082CFAC}.Release|x64.Build.0 = Release|x64
		{7DD315C1-2C05-4811-BD87-C43D8082CFAC}.Release|x86.ActiveCfg = Release|x86
		{7DD315C1-2C05-4811-BD87-C43D8082CFAC}.Release|x86.Build.0 = Release|x86
		{0380B076-D673-47CA-B3D5-BFDD2D43FEDD}.Debug|Any CPU.ActiveCfg = Debug|Any CPU
		{0380B076-D673-47CA-B3D5-BFDD2D43FEDD}.Debug|Any CPU.Build.0 = Debug|Any CPU
		{0380B076-D673-47CA-B3D5-BFDD2D43FEDD}.Debug|ARM.ActiveCfg = Debug|ARM
		{0380B076-D673-47CA-B3D5-BFDD2D43FEDD}.Debug|ARM.Build.0 = Debug|ARM
		{0380B076-D673-47CA-B3D5-BFDD2D43FEDD}.Debug|x64.ActiveCfg = Debug|x64
		{0380B076-D673-47CA-B3D5-BFDD2D43FEDD}.Debug|x64.Build.0 = Debug|x64
		{0380B076-D673-47CA-B3D5-BFDD2D43FEDD}.Debug|x86.ActiveCfg = Debug|x86
		{0380B076-D673-47CA-B3D5-BFDD2D43FEDD}.Debug|x86.Build.0 = Debug|x86
		{0380B076-D673-47CA-B3D5-BFDD2D43FEDD}.Release|Any CPU.ActiveCfg = Release|Any CPU
		{0380B076-D673-47CA-B3D5-BFDD2D43FEDD}.Release|Any CPU.Build.0 = Release|Any CPU
		{0380B076-D673-47CA-B3D5-BFDD2D43FEDD}.Release|ARM.ActiveCfg = Release|ARM
		{0380B076-D673-47CA-B3D5-BFDD2D43FEDD}.Release|ARM.Build.0 = Release|ARM
		{0380B076-D673-47CA-B3D5-BFDD2D43FEDD}.Release|x64.ActiveCfg = Release|x64
		{0380B076-D673-47CA-B3D5-BFDD2D43FEDD}.Release|x64.Build.0 = Release|x64
		{0380B076-D673-47CA-B3D5-BFDD2D43FEDD}.Release|x86.ActiveCfg = Release|x86
		{0380B076-D673-47CA-B3D5-BFDD2D43FEDD}.Release|x86.Build.0 = Release|x86
		{D79ABA74-7410-4F41-B1C5-58E1CCFC1D13}.Debug|Any CPU.ActiveCfg = Debug|Any CPU
		{D79ABA74-7410-4F41-B1C5-58E1CCFC1D13}.Debug|Any CPU.Build.0 = Debug|Any CPU
		{D79ABA74-7410-4F41-B1C5-58E1CCFC1D13}.Debug|ARM.ActiveCfg = Debug|Any CPU
		{D79ABA74-7410-4F41-B1C5-58E1CCFC1D13}.Debug|ARM.Build.0 = Debug|Any CPU
		{D79ABA74-7410-4F41-B1C5-58E1CCFC1D13}.Debug|x64.ActiveCfg = Debug|Any CPU
		{D79ABA74-7410-4F41-B1C5-58E1CCFC1D13}.Debug|x64.Build.0 = Debug|Any CPU
		{D79ABA74-7410-4F41-B1C5-58E1CCFC1D13}.Debug|x86.ActiveCfg = Debug|Any CPU
		{D79ABA74-7410-4F41-B1C5-58E1CCFC1D13}.Debug|x86.Build.0 = Debug|Any CPU
		{D79ABA74-7410-4F41-B1C5-58E1CCFC1D13}.Release|Any CPU.ActiveCfg = Release|Any CPU
		{D79ABA74-7410-4F41-B1C5-58E1CCFC1D13}.Release|Any CPU.Build.0 = Release|Any CPU
		{D79ABA74-7410-4F41-B1C5-58E1CCFC1D13}.Release|ARM.ActiveCfg = Release|Any CPU
		{D79ABA74-7410-4F41-B1C5-58E1CCFC1D13}.Release|ARM.Build.0 = Release|Any CPU
		{D79ABA74-7410-4F41-B1C5-58E1CCFC1D13}.Release|x64.ActiveCfg = Release|Any CPU
		{D79ABA74-7410-4F41-B1C5-58E1CCFC1D13}.Release|x64.Build.0 = Release|Any CPU
		{D79ABA74-7410-4F41-B1C5-58E1CCFC1D13}.Release|x86.ActiveCfg = Release|Any CPU
		{D79ABA74-7410-4F41-B1C5-58E1CCFC1D13}.Release|x86.Build.0 = Release|Any CPU
	EndGlobalSection
	GlobalSection(SolutionProperties) = preSolution
		HideSolutionNode = FALSE
	EndGlobalSection
	GlobalSection(NestedProjects) = preSolution
		{0249A320-16A8-4995-8B7E-0FB78756F3CC} = {B3EFA23D-9504-4519-9E4A-8AF2C1FBB55F}
		{23485136-5108-4FB0-A815-645CC9C6EAAA} = {B3EFA23D-9504-4519-9E4A-8AF2C1FBB55F}
		{B47C4F87-F995-4132-8FE6-D5FEB013CD05} = {B3EFA23D-9504-4519-9E4A-8AF2C1FBB55F}
		{7DD315C1-2C05-4811-BD87-C43D8082CFAC} = {B47C4F87-F995-4132-8FE6-D5FEB013CD05}
		{0380B076-D673-47CA-B3D5-BFDD2D43FEDD} = {B47C4F87-F995-4132-8FE6-D5FEB013CD05}
	EndGlobalSection
	GlobalSection(ExtensibilityGlobals) = postSolution
		SolutionGuid = {2E8CA7B7-95D2-4C96-8F3C-0B74854C77E0}
	EndGlobalSection
EndGlobal
